
Microsoft Visual Studio Solution File, Format Version 12.00
# Visual Studio Version 16
VisualStudioVersion = 16.0.32802.440
MinimumVisualStudioVersion = 10.0.40219.1
Project("{FAE04EC0-301F-11D3-BF4B-00C04F79EFBC}") = "Computadoraa", "Computadoraa\Computadoraa.csproj", "{7409D81E-91BF-4238-847B-BD0EF3436125}"
EndProject
Global
	GlobalSection(SolutionConfigurationPlatforms) = preSolution
		Debug|Any CPU = Debug|Any CPU
		Release|Any CPU = Release|Any CPU
	EndGlobalSection
	GlobalSection(ProjectConfigurationPlatforms) = postSolution
		{7409D81E-91BF-4238-847B-BD0EF3436125}.Debug|Any CPU.ActiveCfg = Debug|Any CPU
		{7409D81E-91BF-4238-847B-BD0EF3436125}.Debug|Any CPU.Build.0 = Debug|Any CPU
		{7409D81E-91BF-4238-847B-BD0EF3436125}.Release|Any CPU.ActiveCfg = Release|Any CPU
		{7409D81E-91BF-4238-847B-BD0EF3436125}.Release|Any CPU.Build.0 = Release|Any CPU
	EndGlobalSection
	GlobalSection(SolutionProperties) = preSolution
		HideSolutionNode = FALSE
	EndGlobalSection
	GlobalSection(ExtensibilityGlobals) = postSolution
		SolutionGuid = {67FF9E6D-D2D3-4B15-9DC4-EE3A5F751802}
	EndGlobalSection
EndGlobal
