
Microsoft Visual Studio Solution File, Format Version 12.00
# Visual Studio Version 16
VisualStudioVersion = 16.0.32802.440
MinimumVisualStudioVersion = 10.0.40219.1
Project("{FAE04EC0-301F-11D3-BF4B-00C04F79EFBC}") = "Computadora", "Computadora\Computadora.csproj", "{32E92EB4-0FB7-4ED6-BB76-7E8CE97FD69A}"
EndProject
Global
	GlobalSection(SolutionConfigurationPlatforms) = preSolution
		Debug|Any CPU = Debug|Any CPU
		Release|Any CPU = Release|Any CPU
	EndGlobalSection
	GlobalSection(ProjectConfigurationPlatforms) = postSolution
		{32E92EB4-0FB7-4ED6-BB76-7E8CE97FD69A}.Debug|Any CPU.ActiveCfg = Debug|Any CPU
		{32E92EB4-0FB7-4ED6-BB76-7E8CE97FD69A}.Debug|Any CPU.Build.0 = Debug|Any CPU
		{32E92EB4-0FB7-4ED6-BB76-7E8CE97FD69A}.Release|Any CPU.ActiveCfg = Release|Any CPU
		{32E92EB4-0FB7-4ED6-BB76-7E8CE97FD69A}.Release|Any CPU.Build.0 = Release|Any CPU
	EndGlobalSection
	GlobalSection(SolutionProperties) = preSolution
		HideSolutionNode = FALSE
	EndGlobalSection
	GlobalSection(ExtensibilityGlobals) = postSolution
		SolutionGuid = {C185C939-C822-4C62-B9FB-40578BEBDA09}
	EndGlobalSection
EndGlobal
